// !$*UTF8*$!
{
	archiveVersion = 1;
	classes = {
	};
	objectVersion = 46;
	objects = {

/* Begin PBXBuildFile section */
		79D314EB1D2DED3C0038D9D3 /* main.swift in Sources */ = {isa = PBXBuildFile; fileRef = 79D314EA1D2DED3C0038D9D3 /* main.swift */; };
		79D314FE1D2DEE130038D9D3 /* ShortestPathFinderTest.swift in Sources */ = {isa = PBXBuildFile; fileRef = 79D314FD1D2DEE130038D9D3 /* ShortestPathFinderTest.swift */; };
		79D315001D2DEF390038D9D3 /* ShortestPathFinder.swift in Sources */ = {isa = PBXBuildFile; fileRef = 79D314FF1D2DEF390038D9D3 /* ShortestPathFinder.swift */; };
		79D315011D2DEF3C0038D9D3 /* ShortestPathFinder.swift in Sources */ = {isa = PBXBuildFile; fileRef = 79D314FF1D2DEF390038D9D3 /* ShortestPathFinder.swift */; };
		79D315031D2DFFCF0038D9D3 /* Board.swift in Sources */ = {isa = PBXBuildFile; fileRef = 79D315021D2DFFCF0038D9D3 /* Board.swift */; };
		79D315051D2DFFF80038D9D3 /* BoardTests.swift in Sources */ = {isa = PBXBuildFile; fileRef = 79D315041D2DFFF80038D9D3 /* BoardTests.swift */; };
		79D315061D2E005C0038D9D3 /* Board.swift in Sources */ = {isa = PBXBuildFile; fileRef = 79D315021D2DFFCF0038D9D3 /* Board.swift */; };
/* End PBXBuildFile section */

/* Begin PBXCopyFilesBuildPhase section */
		79D314E51D2DED3C0038D9D3 /* CopyFiles */ = {
			isa = PBXCopyFilesBuildPhase;
			buildActionMask = 2147483647;
			dstPath = /usr/share/man/man1/;
			dstSubfolderSpec = 0;
			files = (
			);
			runOnlyForDeploymentPostprocessing = 1;
		};
/* End PBXCopyFilesBuildPhase section */

/* Begin PBXFileReference section */
		79D314E71D2DED3C0038D9D3 /* PathOfLowestCost */ = {isa = PBXFileReference; explicitFileType = "compiled.mach-o.executable"; includeInIndex = 0; path = PathOfLowestCost; sourceTree = BUILT_PRODUCTS_DIR; };
		79D314EA1D2DED3C0038D9D3 /* main.swift */ = {isa = PBXFileReference; lastKnownFileType = sourcecode.swift; path = main.swift; sourceTree = "<group>"; };
		79D314F51D2DEDF30038D9D3 /* PathOfLowestCostTest.xctest */ = {isa = PBXFileReference; explicitFileType = wrapper.cfbundle; includeInIndex = 0; path = PathOfLowestCostTest.xctest; sourceTree = BUILT_PRODUCTS_DIR; };
		79D314F91D2DEDF30038D9D3 /* Info.plist */ = {isa = PBXFileReference; lastKnownFileType = text.plist.xml; path = Info.plist; sourceTree = "<group>"; };
		79D314FD1D2DEE130038D9D3 /* ShortestPathFinderTest.swift */ = {isa = PBXFileReference; fileEncoding = 4; lastKnownFileType = sourcecode.swift; path = ShortestPathFinderTest.swift; sourceTree = "<group>"; };
		79D314FF1D2DEF390038D9D3 /* ShortestPathFinder.swift */ = {isa = PBXFileReference; fileEncoding = 4; lastKnownFileType = sourcecode.swift; path = ShortestPathFinder.swift; sourceTree = "<group>"; };
		79D315021D2DFFCF0038D9D3 /* Board.swift */ = {isa = PBXFileReference; fileEncoding = 4; lastKnownFileType = sourcecode.swift; path = Board.swift; sourceTree = "<group>"; };
		79D315041D2DFFF80038D9D3 /* BoardTests.swift */ = {isa = PBXFileReference; fileEncoding = 4; lastKnownFileType = sourcecode.swift; path = BoardTests.swift; sourceTree = "<group>"; };
/* End PBXFileReference section */

/* Begin PBXFrameworksBuildPhase section */
		79D314E41D2DED3C0038D9D3 /* Frameworks */ = {
			isa = PBXFrameworksBuildPhase;
			buildActionMask = 2147483647;
			files = (
			);
			runOnlyForDeploymentPostprocessing = 0;
		};
		79D314F21D2DEDF30038D9D3 /* Frameworks */ = {
			isa = PBXFrameworksBuildPhase;
			buildActionMask = 2147483647;
			files = (
			);
			runOnlyForDeploymentPostprocessing = 0;
		};
/* End PBXFrameworksBuildPhase section */

/* Begin PBXGroup section */
		79D314DE1D2DED3C0038D9D3 = {
			isa = PBXGroup;
			children = (
				79D314E91D2DED3C0038D9D3 /* PathOfLowestCost */,
				79D314F61D2DEDF30038D9D3 /* PathOfLowestCostTest */,
				79D314E81D2DED3C0038D9D3 /* Products */,
			);
			sourceTree = "<group>";
		};
		79D314E81D2DED3C0038D9D3 /* Products */ = {
			isa = PBXGroup;
			children = (
				79D314E71D2DED3C0038D9D3 /* PathOfLowestCost */,
				79D314F51D2DEDF30038D9D3 /* PathOfLowestCostTest.xctest */,
			);
			name = Products;
			sourceTree = "<group>";
		};
		79D314E91D2DED3C0038D9D3 /* PathOfLowestCost */ = {
			isa = PBXGroup;
			children = (
				79D314EA1D2DED3C0038D9D3 /* main.swift */,
				79D314FF1D2DEF390038D9D3 /* ShortestPathFinder.swift */,
				79D315021D2DFFCF0038D9D3 /* Board.swift */,
			);
			path = PathOfLowestCost;
			sourceTree = "<group>";
		};
		79D314F61D2DEDF30038D9D3 /* PathOfLowestCostTest */ = {
			isa = PBXGroup;
			children = (
				79D315041D2DFFF80038D9D3 /* BoardTests.swift */,
				79D314FD1D2DEE130038D9D3 /* ShortestPathFinderTest.swift */,
				79D314F91D2DEDF30038D9D3 /* Info.plist */,
			);
			path = PathOfLowestCostTest;
			sourceTree = "<group>";
		};
/* End PBXGroup section */

/* Begin PBXNativeTarget section */
		79D314E61D2DED3C0038D9D3 /* PathOfLowestCost */ = {
			isa = PBXNativeTarget;
			buildConfigurationList = 79D314EE1D2DED3C0038D9D3 /* Build configuration list for PBXNativeTarget "PathOfLowestCost" */;
			buildPhases = (
				79D314E31D2DED3C0038D9D3 /* Sources */,
				79D314E41D2DED3C0038D9D3 /* Frameworks */,
				79D314E51D2DED3C0038D9D3 /* CopyFiles */,
			);
			buildRules = (
			);
			dependencies = (
			);
			name = PathOfLowestCost;
			productName = PathOfLowestCost;
			productReference = 79D314E71D2DED3C0038D9D3 /* PathOfLowestCost */;
			productType = "com.apple.product-type.tool";
		};
		79D314F41D2DEDF30038D9D3 /* PathOfLowestCostTest */ = {
			isa = PBXNativeTarget;
			buildConfigurationList = 79D314FA1D2DEDF30038D9D3 /* Build configuration list for PBXNativeTarget "PathOfLowestCostTest" */;
			buildPhases = (
				79D314F11D2DEDF30038D9D3 /* Sources */,
				79D314F21D2DEDF30038D9D3 /* Frameworks */,
				79D314F31D2DEDF30038D9D3 /* Resources */,
			);
			buildRules = (
			);
			dependencies = (
			);
			name = PathOfLowestCostTest;
			productName = PathOfLowestCostTest;
			productReference = 79D314F51D2DEDF30038D9D3 /* PathOfLowestCostTest.xctest */;
			productType = "com.apple.product-type.bundle.unit-test";
		};
/* End PBXNativeTarget section */

/* Begin PBXProject section */
		79D314DF1D2DED3C0038D9D3 /* Project object */ = {
			isa = PBXProject;
			attributes = {
				LastSwiftUpdateCheck = 0730;
				LastUpgradeCheck = 0730;
				ORGANIZATIONNAME = JJWolf2015;
				TargetAttributes = {
					79D314E61D2DED3C0038D9D3 = {
						CreatedOnToolsVersion = 7.3.1;
					};
					79D314F41D2DEDF30038D9D3 = {
						CreatedOnToolsVersion = 7.3.1;
					};
				};
			};
			buildConfigurationList = 79D314E21D2DED3C0038D9D3 /* Build configuration list for PBXProject "PathOfLowestCost" */;
			compatibilityVersion = "Xcode 3.2";
			developmentRegion = English;
			hasScannedForEncodings = 0;
			knownRegions = (
				en,
			);
			mainGroup = 79D314DE1D2DED3C0038D9D3;
			productRefGroup = 79D314E81D2DED3C0038D9D3 /* Products */;
			projectDirPath = "";
			projectRoot = "";
			targets = (
				79D314E61D2DED3C0038D9D3 /* PathOfLowestCost */,
				79D314F41D2DEDF30038D9D3 /* PathOfLowestCostTest */,
			);
		};
/* End PBXProject section */

/* Begin PBXResourcesBuildPhase section */
		79D314F31D2DEDF30038D9D3 /* Resources */ = {
			isa = PBXResourcesBuildPhase;
			buildActionMask = 2147483647;
			files = (
			);
			runOnlyForDeploymentPostprocessing = 0;
		};
/* End PBXResourcesBuildPhase section */

/* Begin PBXSourcesBuildPhase section */
		79D314E31D2DED3C0038D9D3 /* Sources */ = {
			isa = PBXSourcesBuildPhase;
			buildActionMask = 2147483647;
			files = (
				79D315001D2DEF390038D9D3 /* ShortestPathFinder.swift in Sources */,
				79D314EB1D2DED3C0038D9D3 /* main.swift in Sources */,
				79D315031D2DFFCF0038D9D3 /* Board.swift in Sources */,
			);
			runOnlyForDeploymentPostprocessing = 0;
		};
		79D314F11D2DEDF30038D9D3 /* Sources */ = {
			isa = PBXSourcesBuildPhase;
			buildActionMask = 2147483647;
			files = (
				79D315011D2DEF3C0038D9D3 /* ShortestPathFinder.swift in Sources */,
				79D314FE1D2DEE130038D9D3 /* ShortestPathFinderTest.swift in Sources */,
				79D315061D2E005C0038D9D3 /* Board.swift in Sources */,
				79D315051D2DFFF80038D9D3 /* BoardTests.swift in Sources */,
			);
			runOnlyForDeploymentPostprocessing = 0;
		};
/* End PBXSourcesBuildPhase section */

/* Begin XCBuildConfiguration section */
		79D314EC1D2DED3C0038D9D3 /* Debug */ = {
			isa = XCBuildConfiguration;
			buildSettings = {
				ALWAYS_SEARCH_USER_PATHS = NO;
				CLANG_ANALYZER_NONNULL = YES;
				CLANG_CXX_LANGUAGE_STANDARD = "gnu++0x";
				CLANG_CXX_LIBRARY = "libc++";
				CLANG_ENABLE_MODULES = YES;
				CLANG_ENABLE_OBJC_ARC = YES;
				CLANG_WARN_BOOL_CONVERSION = YES;
				CLANG_WARN_CONSTANT_CONVERSION = YES;
				CLANG_WARN_DIRECT_OBJC_ISA_USAGE = YES_ERROR;
				CLANG_WARN_EMPTY_BODY = YES;
				CLANG_WARN_ENUM_CONVERSION = YES;
				CLANG_WARN_INT_CONVERSION = YES;
				CLANG_WARN_OBJC_ROOT_CLASS = YES_ERROR;
				CLANG_WARN_UNREACHABLE_CODE = YES;
				CLANG_WARN__DUPLICATE_METHOD_MATCH = YES;
				CODE_SIGN_IDENTITY = "-";
				COPY_PHASE_STRIP = NO;
				DEBUG_INFORMATION_FORMAT = dwarf;
				ENABLE_STRICT_OBJC_MSGSEND = YES;
				ENABLE_TESTABILITY = YES;
				GCC_C_LANGUAGE_STANDARD = gnu99;
				GCC_DYNAMIC_NO_PIC = NO;
				GCC_NO_COMMON_BLOCKS = YES;
				GCC_OPTIMIZATION_LEVEL = 0;
				GCC_PREPROCESSOR_DEFINITIONS = (
					"DEBUG=1",
					"$(inherited)",
				);
				GCC_WARN_64_TO_32_BIT_CONVERSION = YES;
				GCC_WARN_ABOUT_RETURN_TYPE = YES_ERROR;
				GCC_WARN_UNDECLARED_SELECTOR = YES;
				GCC_WARN_UNINITIALIZED_AUTOS = YES_AGGRESSIVE;
				GCC_WARN_UNUSED_FUNCTION = YES;
				GCC_WARN_UNUSED_VARIABLE = YES;
				MACOSX_DEPLOYMENT_TARGET = 10.11;
				MTL_ENABLE_DEBUG_INFO = YES;
				ONLY_ACTIVE_ARCH = YES;
				SDKROOT = macosx;
				SWIFT_OPTIMIZATION_LEVEL = "-Onone";
			};
			name = Debug;
		};
		79D314ED1D2DED3C0038D9D3 /* Release */ = {
			isa = XCBuildConfiguration;
			buildSettings = {
				ALWAYS_SEARCH_USER_PATHS = NO;
				CLANG_ANALYZER_NONNULL = YES;
				CLANG_CXX_LANGUAGE_STANDARD = "gnu++0x";
				CLANG_CXX_LIBRARY = "libc++";
				CLANG_ENABLE_MODULES = YES;
				CLANG_ENABLE_OBJC_ARC = YES;
				CLANG_WARN_BOOL_CONVERSION = YES;
				CLANG_WARN_CONSTANT_CONVERSION = YES;
				CLANG_WARN_DIRECT_OBJC_ISA_USAGE = YES_ERROR;
				CLANG_WARN_EMPTY_BODY = YES;
				CLANG_WARN_ENUM_CONVERSION = YES;
				CLANG_WARN_INT_CONVERSION = YES;
				CLANG_WARN_OBJC_ROOT_CLASS = YES_ERROR;
				CLANG_WARN_UNREACHABLE_CODE = YES;
				CLANG_WARN__DUPLICATE_METHOD_MATCH = YES;
				CODE_SIGN_IDENTITY = "-";
				COPY_PHASE_STRIP = NO;
				DEBUG_INFORMATION_FORMAT = "dwarf-with-dsym";
				ENABLE_NS_ASSERTIONS = NO;
				ENABLE_STRICT_OBJC_MSGSEND = YES;
				GCC_C_LANGUAGE_STANDARD = gnu99;
				GCC_NO_COMMON_BLOCKS = YES;
				GCC_WARN_64_TO_32_BIT_CONVERSION = YES;
				GCC_WARN_ABOUT_RETURN_TYPE = YES_ERROR;
				GCC_WARN_UNDECLARED_SELECTOR = YES;
				GCC_WARN_UNINITIALIZED_AUTOS = YES_AGGRESSIVE;
				GCC_WARN_UNUSED_FUNCTION = YES;
				GCC_WARN_UNUSED_VARIABLE = YES;
				MACOSX_DEPLOYMENT_TARGET = 10.11;
				MTL_ENABLE_DEBUG_INFO = NO;
				SDKROOT = macosx;
			};
			name = Release;
		};
		79D314EF1D2DED3C0038D9D3 /* Debug */ = {
			isa = XCBuildConfiguration;
			buildSettings = {
				PRODUCT_NAME = "$(TARGET_NAME)";
			};
			name = Debug;
		};
		79D314F01D2DED3C0038D9D3 /* Release */ = {
			isa = XCBuildConfiguration;
			buildSettings = {
				PRODUCT_NAME = "$(TARGET_NAME)";
			};
			name = Release;
		};
		79D314FB1D2DEDF30038D9D3 /* Debug */ = {
			isa = XCBuildConfiguration;
			buildSettings = {
				COMBINE_HIDPI_IMAGES = YES;
				INFOPLIST_FILE = PathOfLowestCostTest/Info.plist;
				LD_RUNPATH_SEARCH_PATHS = "$(inherited) @executable_path/../Frameworks @loader_path/../Frameworks";
				PRODUCT_BUNDLE_IDENTIFIER = JeffreyWolf2015.PathOfLowestCostTest;
				PRODUCT_NAME = "$(TARGET_NAME)";
			};
			name = Debug;
		};
		79D314FC1D2DEDF30038D9D3 /* Release */ = {
			isa = XCBuildConfiguration;
			buildSettings = {
				COMBINE_HIDPI_IMAGES = YES;
				INFOPLIST_FILE = PathOfLowestCostTest/Info.plist;
				LD_RUNPATH_SEARCH_PATHS = "$(inherited) @executable_path/../Frameworks @loader_path/../Frameworks";
				PRODUCT_BUNDLE_IDENTIFIER = JeffreyWolf2015.PathOfLowestCostTest;
				PRODUCT_NAME = "$(TARGET_NAME)";
			};
			name = Release;
		};
/* End XCBuildConfiguration section */

/* Begin XCConfigurationList section */
		79D314E21D2DED3C0038D9D3 /* Build configuration list for PBXProject "PathOfLowestCost" */ = {
			isa = XCConfigurationList;
			buildConfigurations = (
				79D314EC1D2DED3C0038D9D3 /* Debug */,
				79D314ED1D2DED3C0038D9D3 /* Release */,
			);
			defaultConfigurationIsVisible = 0;
			defaultConfigurationName = Release;
		};
		79D314EE1D2DED3C0038D9D3 /* Build configuration list for PBXNativeTarget "PathOfLowestCost" */ = {
			isa = XCConfigurationList;
			buildConfigurations = (
				79D314EF1D2DED3C0038D9D3 /* Debug */,
				79D314F01D2DED3C0038D9D3 /* Release */,
			);
			defaultConfigurationIsVisible = 0;
		};
		79D314FA1D2DEDF30038D9D3 /* Build configuration list for PBXNativeTarget "PathOfLowestCostTest" */ = {
			isa = XCConfigurationList;
			buildConfigurations = (
				79D314FB1D2DEDF30038D9D3 /* Debug */,
				79D314FC1D2DEDF30038D9D3 /* Release */,
			);
			defaultConfigurationIsVisible = 0;
		};
/* End XCConfigurationList section */
	};
	rootObject = 79D314DF1D2DED3C0038D9D3 /* Project object */;
}
